// !$*UTF8*$!
{
	archiveVersion = 1;
	classes = {
	};
	objectVersion = 56;
	objects = {

/* Begin PBXBuildFile section */
		33231EFE28EC0C5E00BD8E7F /* main.cpp in Sources */ = {isa = PBXBuildFile; fileRef = 33231EFD28EC0C5E00BD8E7F /* main.cpp */; };
		3360CA31291A2F960009C26E /* main.cpp in Sources */ = {isa = PBXBuildFile; fileRef = 3360CA30291A2F960009C26E /* main.cpp */; };
		3360CA3C291A2FCF0009C26E /* main.cpp in Sources */ = {isa = PBXBuildFile; fileRef = 3360CA3B291A2FCF0009C26E /* main.cpp */; };
		33B4895B2924F1A400BAB2DC /* main.cpp in Sources */ = {isa = PBXBuildFile; fileRef = 33B4895A2924F1A400BAB2DC /* main.cpp */; };
		33E4680D28EFE769005360E1 /* main.cpp in Sources */ = {isa = PBXBuildFile; fileRef = 33E4680C28EFE769005360E1 /* main.cpp */; };
/* End PBXBuildFile section */

/* Begin PBXCopyFilesBuildPhase section */
		33231EF828EC0C5E00BD8E7F /* CopyFiles */ = {
			isa = PBXCopyFilesBuildPhase;
			buildActionMask = 2147483647;
			dstPath = /usr/share/man/man1/;
			dstSubfolderSpec = 0;
			files = (
			);
			runOnlyForDeploymentPostprocessing = 1;
		};
		3360CA2C291A2F960009C26E /* CopyFiles */ = {
			isa = PBXCopyFilesBuildPhase;
			buildActionMask = 2147483647;
			dstPath = /usr/share/man/man1/;
			dstSubfolderSpec = 0;
			files = (
			);
			runOnlyForDeploymentPostprocessing = 1;
		};
		3360CA37291A2FCF0009C26E /* CopyFiles */ = {
			isa = PBXCopyFilesBuildPhase;
			buildActionMask = 2147483647;
			dstPath = /usr/share/man/man1/;
			dstSubfolderSpec = 0;
			files = (
			);
			runOnlyForDeploymentPostprocessing = 1;
		};
		33B489562924F1A400BAB2DC /* CopyFiles */ = {
			isa = PBXCopyFilesBuildPhase;
			buildActionMask = 2147483647;
			dstPath = /usr/share/man/man1/;
			dstSubfolderSpec = 0;
			files = (
			);
			runOnlyForDeploymentPostprocessing = 1;
		};
		33E4680828EFE769005360E1 /* CopyFiles */ = {
			isa = PBXCopyFilesBuildPhase;
			buildActionMask = 2147483647;
			dstPath = /usr/share/man/man1/;
			dstSubfolderSpec = 0;
			files = (
			);
			runOnlyForDeploymentPostprocessing = 1;
		};
		33FB476328F54009007134E3 /* CopyFiles */ = {
			isa = PBXCopyFilesBuildPhase;
			buildActionMask = 2147483647;
			dstPath = /usr/share/man/man1/;
			dstSubfolderSpec = 0;
			files = (
			);
			runOnlyForDeploymentPostprocessing = 1;
		};
/* End PBXCopyFilesBuildPhase section */

/* Begin PBXFileReference section */
		33231EFA28EC0C5E00BD8E7F /* hacker-cpp-study */ = {isa = PBXFileReference; explicitFileType = "compiled.mach-o.executable"; includeInIndex = 0; path = "hacker-cpp-study"; sourceTree = BUILT_PRODUCTS_DIR; };
		33231EFD28EC0C5E00BD8E7F /* main.cpp */ = {isa = PBXFileReference; lastKnownFileType = sourcecode.cpp.cpp; path = main.cpp; sourceTree = "<group>"; };
		3360CA2E291A2F960009C26E /* day04 */ = {isa = PBXFileReference; explicitFileType = "compiled.mach-o.executable"; includeInIndex = 0; path = day04; sourceTree = BUILT_PRODUCTS_DIR; };
		3360CA30291A2F960009C26E /* main.cpp */ = {isa = PBXFileReference; lastKnownFileType = sourcecode.cpp.cpp; path = main.cpp; sourceTree = "<group>"; };
		3360CA39291A2FCF0009C26E /* day05 */ = {isa = PBXFileReference; explicitFileType = "compiled.mach-o.executable"; includeInIndex = 0; path = day05; sourceTree = BUILT_PRODUCTS_DIR; };
		3360CA3B291A2FCF0009C26E /* main.cpp */ = {isa = PBXFileReference; lastKnownFileType = sourcecode.cpp.cpp; path = main.cpp; sourceTree = "<group>"; };
		33B489582924F1A400BAB2DC /* Week8 */ = {isa = PBXFileReference; explicitFileType = "compiled.mach-o.executable"; includeInIndex = 0; path = Week8; sourceTree = BUILT_PRODUCTS_DIR; };
		33B4895A2924F1A400BAB2DC /* main.cpp */ = {isa = PBXFileReference; lastKnownFileType = sourcecode.cpp.cpp; path = main.cpp; sourceTree = "<group>"; };
		33E4680A28EFE769005360E1 /* day02 */ = {isa = PBXFileReference; explicitFileType = "compiled.mach-o.executable"; includeInIndex = 0; path = day02; sourceTree = BUILT_PRODUCTS_DIR; };
		33E4680C28EFE769005360E1 /* main.cpp */ = {isa = PBXFileReference; lastKnownFileType = sourcecode.cpp.cpp; path = main.cpp; sourceTree = "<group>"; };
		33FB476528F54009007134E3 /* day03 */ = {isa = PBXFileReference; explicitFileType = "compiled.mach-o.executable"; includeInIndex = 0; path = day03; sourceTree = BUILT_PRODUCTS_DIR; };
/* End PBXFileReference section */

/* Begin PBXFrameworksBuildPhase section */
		33231EF728EC0C5E00BD8E7F /* Frameworks */ = {
			isa = PBXFrameworksBuildPhase;
			buildActionMask = 2147483647;
			files = (
			);
			runOnlyForDeploymentPostprocessing = 0;
		};
		3360CA2B291A2F960009C26E /* Frameworks */ = {
			isa = PBXFrameworksBuildPhase;
			buildActionMask = 2147483647;
			files = (
			);
			runOnlyForDeploymentPostprocessing = 0;
		};
		3360CA36291A2FCF0009C26E /* Frameworks */ = {
			isa = PBXFrameworksBuildPhase;
			buildActionMask = 2147483647;
			files = (
			);
			runOnlyForDeploymentPostprocessing = 0;
		};
		33B489552924F1A400BAB2DC /* Frameworks */ = {
			isa = PBXFrameworksBuildPhase;
			buildActionMask = 2147483647;
			files = (
			);
			runOnlyForDeploymentPostprocessing = 0;
		};
		33E4680728EFE769005360E1 /* Frameworks */ = {
			isa = PBXFrameworksBuildPhase;
			buildActionMask = 2147483647;
			files = (
			);
			runOnlyForDeploymentPostprocessing = 0;
		};
		33FB476228F54009007134E3 /* Frameworks */ = {
			isa = PBXFrameworksBuildPhase;
			buildActionMask = 2147483647;
			files = (
			);
			runOnlyForDeploymentPostprocessing = 0;
		};
/* End PBXFrameworksBuildPhase section */

/* Begin PBXGroup section */
		33231EF128EC0C5E00BD8E7F = {
			isa = PBXGroup;
			children = (
				33231EFC28EC0C5E00BD8E7F /* day01 */,
				33E4680B28EFE769005360E1 /* day02 */,
				3360CA2F291A2F960009C26E /* day04 */,
				3360CA3A291A2FCF0009C26E /* day05 */,
				33B489592924F1A400BAB2DC /* Week8 */,
				33231EFB28EC0C5E00BD8E7F /* Products */,
			);
			sourceTree = "<group>";
		};
		33231EFB28EC0C5E00BD8E7F /* Products */ = {
			isa = PBXGroup;
			children = (
				33231EFA28EC0C5E00BD8E7F /* hacker-cpp-study */,
				33E4680A28EFE769005360E1 /* day02 */,
				33FB476528F54009007134E3 /* day03 */,
				3360CA2E291A2F960009C26E /* day04 */,
				3360CA39291A2FCF0009C26E /* day05 */,
				33B489582924F1A400BAB2DC /* Week8 */,
			);
			name = Products;
			sourceTree = "<group>";
		};
		33231EFC28EC0C5E00BD8E7F /* day01 */ = {
			isa = PBXGroup;
			children = (
				33231EFD28EC0C5E00BD8E7F /* main.cpp */,
			);
			path = day01;
			sourceTree = "<group>";
		};
		3360CA2F291A2F960009C26E /* day04 */ = {
			isa = PBXGroup;
			children = (
				3360CA30291A2F960009C26E /* main.cpp */,
			);
			path = day04;
			sourceTree = "<group>";
		};
		3360CA3A291A2FCF0009C26E /* day05 */ = {
			isa = PBXGroup;
			children = (
				3360CA3B291A2FCF0009C26E /* main.cpp */,
			);
			path = day05;
			sourceTree = "<group>";
		};
		33B489592924F1A400BAB2DC /* Week8 */ = {
			isa = PBXGroup;
			children = (
				33B4895A2924F1A400BAB2DC /* main.cpp */,
			);
			path = Week8;
			sourceTree = "<group>";
		};
		33E4680B28EFE769005360E1 /* day02 */ = {
			isa = PBXGroup;
			children = (
				33E4680C28EFE769005360E1 /* main.cpp */,
			);
			path = day02;
			sourceTree = "<group>";
		};
/* End PBXGroup section */

/* Begin PBXNativeTarget section */
		33231EF928EC0C5E00BD8E7F /* hacker-cpp-study */ = {
			isa = PBXNativeTarget;
			buildConfigurationList = 33231F0128EC0C5E00BD8E7F /* Build configuration list for PBXNativeTarget "hacker-cpp-study" */;
			buildPhases = (
				33231EF628EC0C5E00BD8E7F /* Sources */,
				33231EF728EC0C5E00BD8E7F /* Frameworks */,
				33231EF828EC0C5E00BD8E7F /* CopyFiles */,
			);
			buildRules = (
			);
			dependencies = (
			);
			name = "hacker-cpp-study";
			productName = day01;
			productReference = 33231EFA28EC0C5E00BD8E7F /* hacker-cpp-study */;
			productType = "com.apple.product-type.tool";
		};
		3360CA2D291A2F960009C26E /* day04 */ = {
			isa = PBXNativeTarget;
			buildConfigurationList = 3360CA32291A2F960009C26E /* Build configuration list for PBXNativeTarget "day04" */;
			buildPhases = (
				3360CA2A291A2F960009C26E /* Sources */,
				3360CA2B291A2F960009C26E /* Frameworks */,
				3360CA2C291A2F960009C26E /* CopyFiles */,
			);
			buildRules = (
			);
			dependencies = (
			);
			name = day04;
			productName = day04;
			productReference = 3360CA2E291A2F960009C26E /* day04 */;
			productType = "com.apple.product-type.tool";
		};
		3360CA38291A2FCF0009C26E /* day05 */ = {
			isa = PBXNativeTarget;
			buildConfigurationList = 3360CA3D291A2FCF0009C26E /* Build configuration list for PBXNativeTarget "day05" */;
			buildPhases = (
				3360CA35291A2FCF0009C26E /* Sources */,
				3360CA36291A2FCF0009C26E /* Frameworks */,
				3360CA37291A2FCF0009C26E /* CopyFiles */,
			);
			buildRules = (
			);
			dependencies = (
			);
			name = day05;
			productName = day05;
			productReference = 3360CA39291A2FCF0009C26E /* day05 */;
			productType = "com.apple.product-type.tool";
		};
		33B489572924F1A400BAB2DC /* Week8 */ = {
			isa = PBXNativeTarget;
			buildConfigurationList = 33B4895E2924F1A400BAB2DC /* Build configuration list for PBXNativeTarget "Week8" */;
			buildPhases = (
				33B489542924F1A400BAB2DC /* Sources */,
				33B489552924F1A400BAB2DC /* Frameworks */,
				33B489562924F1A400BAB2DC /* CopyFiles */,
			);
			buildRules = (
			);
			dependencies = (
			);
			name = Week8;
			productName = Week8;
			productReference = 33B489582924F1A400BAB2DC /* Week8 */;
			productType = "com.apple.product-type.tool";
		};
		33E4680928EFE769005360E1 /* day02 */ = {
			isa = PBXNativeTarget;
			buildConfigurationList = 33E4681028EFE769005360E1 /* Build configuration list for PBXNativeTarget "day02" */;
			buildPhases = (
				33E4680628EFE769005360E1 /* Sources */,
				33E4680728EFE769005360E1 /* Frameworks */,
				33E4680828EFE769005360E1 /* CopyFiles */,
			);
			buildRules = (
			);
			dependencies = (
			);
			name = day02;
			productName = day02;
			productReference = 33E4680A28EFE769005360E1 /* day02 */;
			productType = "com.apple.product-type.tool";
		};
		33FB476428F54009007134E3 /* day03 */ = {
			isa = PBXNativeTarget;
			buildConfigurationList = 33FB476B28F54009007134E3 /* Build configuration list for PBXNativeTarget "day03" */;
			buildPhases = (
				33FB476128F54009007134E3 /* Sources */,
				33FB476228F54009007134E3 /* Frameworks */,
				33FB476328F54009007134E3 /* CopyFiles */,
			);
			buildRules = (
			);
			dependencies = (
			);
			name = day03;
			productName = day03;
			productReference = 33FB476528F54009007134E3 /* day03 */;
			productType = "com.apple.product-type.tool";
		};
/* End PBXNativeTarget section */

/* Begin PBXProject section */
		33231EF228EC0C5E00BD8E7F /* Project object */ = {
			isa = PBXProject;
			attributes = {
				BuildIndependentTargetsInParallel = 1;
				LastUpgradeCheck = 1400;
				TargetAttributes = {
					33231EF928EC0C5E00BD8E7F = {
						CreatedOnToolsVersion = 14.0;
					};
					3360CA2D291A2F960009C26E = {
						CreatedOnToolsVersion = 14.0;
					};
					3360CA38291A2FCF0009C26E = {
						CreatedOnToolsVersion = 14.0;
					};
					33B489572924F1A400BAB2DC = {
						CreatedOnToolsVersion = 14.0;
					};
					33E4680928EFE769005360E1 = {
						CreatedOnToolsVersion = 14.0;
					};
					33FB476428F54009007134E3 = {
						CreatedOnToolsVersion = 14.0;
					};
				};
			};
			buildConfigurationList = 33231EF528EC0C5E00BD8E7F /* Build configuration list for PBXProject "hacker-cpp-study" */;
			compatibilityVersion = "Xcode 14.0";
			developmentRegion = en;
			hasScannedForEncodings = 0;
			knownRegions = (
				en,
				Base,
			);
			mainGroup = 33231EF128EC0C5E00BD8E7F;
			productRefGroup = 33231EFB28EC0C5E00BD8E7F /* Products */;
			projectDirPath = "";
			projectRoot = "";
			targets = (
				33231EF928EC0C5E00BD8E7F /* hacker-cpp-study */,
				33E4680928EFE769005360E1 /* day02 */,
				33FB476428F54009007134E3 /* day03 */,
				3360CA2D291A2F960009C26E /* day04 */,
				3360CA38291A2FCF0009C26E /* day05 */,
				33B489572924F1A400BAB2DC /* Week8 */,
			);
		};
/* End PBXProject section */

/* Begin PBXSourcesBuildPhase section */
		33231EF628EC0C5E00BD8E7F /* Sources */ = {
			isa = PBXSourcesBuildPhase;
			buildActionMask = 2147483647;
			files = (
				33231EFE28EC0C5E00BD8E7F /* main.cpp in Sources */,
			);
			runOnlyForDeploymentPostprocessing = 0;
		};
		3360CA2A291A2F960009C26E /* Sources */ = {
			isa = PBXSourcesBuildPhase;
			buildActionMask = 2147483647;
			files = (
				3360CA31291A2F960009C26E /* main.cpp in Sources */,
			);
			runOnlyForDeploymentPostprocessing = 0;
		};
		3360CA35291A2FCF0009C26E /* Sources */ = {
			isa = PBXSourcesBuildPhase;
			buildActionMask = 2147483647;
			files = (
				3360CA3C291A2FCF0009C26E /* main.cpp in Sources */,
			);
			runOnlyForDeploymentPostprocessing = 0;
		};
		33B489542924F1A400BAB2DC /* Sources */ = {
			isa = PBXSourcesBuildPhase;
			buildActionMask = 2147483647;
			files = (
				33B4895B2924F1A400BAB2DC /* main.cpp in Sources */,
			);
			runOnlyForDeploymentPostprocessing = 0;
		};
		33E4680628EFE769005360E1 /* Sources */ = {
			isa = PBXSourcesBuildPhase;
			buildActionMask = 2147483647;
			files = (
				33E4680D28EFE769005360E1 /* main.cpp in Sources */,
			);
			runOnlyForDeploymentPostprocessing = 0;
		};
		33FB476128F54009007134E3 /* Sources */ = {
			isa = PBXSourcesBuildPhase;
			buildActionMask = 2147483647;
			files = (
			);
			runOnlyForDeploymentPostprocessing = 0;
		};
/* End PBXSourcesBuildPhase section */

/* Begin XCBuildConfiguration section */
		33231EFF28EC0C5E00BD8E7F /* Debug */ = {
			isa = XCBuildConfiguration;
			buildSettings = {
				ALWAYS_SEARCH_USER_PATHS = NO;
				CLANG_ANALYZER_NONNULL = YES;
				CLANG_ANALYZER_NUMBER_OBJECT_CONVERSION = YES_AGGRESSIVE;
				CLANG_CXX_LANGUAGE_STANDARD = "gnu++20";
				CLANG_ENABLE_MODULES = YES;
				CLANG_ENABLE_OBJC_ARC = YES;
				CLANG_ENABLE_OBJC_WEAK = YES;
				CLANG_WARN_BLOCK_CAPTURE_AUTORELEASING = YES;
				CLANG_WARN_BOOL_CONVERSION = YES;
				CLANG_WARN_COMMA = YES;
				CLANG_WARN_CONSTANT_CONVERSION = YES;
				CLANG_WARN_DEPRECATED_OBJC_IMPLEMENTATIONS = YES;
				CLANG_WARN_DIRECT_OBJC_ISA_USAGE = YES_ERROR;
				CLANG_WARN_DOCUMENTATION_COMMENTS = YES;
				CLANG_WARN_EMPTY_BODY = YES;
				CLANG_WARN_ENUM_CONVERSION = YES;
				CLANG_WARN_INFINITE_RECURSION = YES;
				CLANG_WARN_INT_CONVERSION = YES;
				CLANG_WARN_NON_LITERAL_NULL_CONVERSION = YES;
				CLANG_WARN_OBJC_IMPLICIT_RETAIN_SELF = YES;
				CLANG_WARN_OBJC_LITERAL_CONVERSION = YES;
				CLANG_WARN_OBJC_ROOT_CLASS = YES_ERROR;
				CLANG_WARN_QUOTED_INCLUDE_IN_FRAMEWORK_HEADER = YES;
				CLANG_WARN_RANGE_LOOP_ANALYSIS = YES;
				CLANG_WARN_STRICT_PROTOTYPES = YES;
				CLANG_WARN_SUSPICIOUS_MOVE = YES;
				CLANG_WARN_UNGUARDED_AVAILABILITY = YES_AGGRESSIVE;
				CLANG_WARN_UNREACHABLE_CODE = YES;
				CLANG_WARN__DUPLICATE_METHOD_MATCH = YES;
				COPY_PHASE_STRIP = NO;
				DEBUG_INFORMATION_FORMAT = dwarf;
				ENABLE_STRICT_OBJC_MSGSEND = YES;
				ENABLE_TESTABILITY = YES;
				GCC_C_LANGUAGE_STANDARD = gnu11;
				GCC_DYNAMIC_NO_PIC = NO;
				GCC_NO_COMMON_BLOCKS = YES;
				GCC_OPTIMIZATION_LEVEL = 0;
				GCC_PREPROCESSOR_DEFINITIONS = (
					"DEBUG=1",
					"$(inherited)",
				);
				GCC_WARN_64_TO_32_BIT_CONVERSION = YES;
				GCC_WARN_ABOUT_RETURN_TYPE = YES_ERROR;
				GCC_WARN_UNDECLARED_SELECTOR = YES;
				GCC_WARN_UNINITIALIZED_AUTOS = YES_AGGRESSIVE;
				GCC_WARN_UNUSED_FUNCTION = YES;
				GCC_WARN_UNUSED_VARIABLE = YES;
				MACOSX_DEPLOYMENT_TARGET = 12.5;
				MTL_ENABLE_DEBUG_INFO = INCLUDE_SOURCE;
				MTL_FAST_MATH = YES;
				ONLY_ACTIVE_ARCH = YES;
				SDKROOT = macosx;
			};
			name = Debug;
		};
		33231F0028EC0C5E00BD8E7F /* Release */ = {
			isa = XCBuildConfiguration;
			buildSettings = {
				ALWAYS_SEARCH_USER_PATHS = NO;
				CLANG_ANALYZER_NONNULL = YES;
				CLANG_ANALYZER_NUMBER_OBJECT_CONVERSION = YES_AGGRESSIVE;
				CLANG_CXX_LANGUAGE_STANDARD = "gnu++20";
				CLANG_ENABLE_MODULES = YES;
				CLANG_ENABLE_OBJC_ARC = YES;
				CLANG_ENABLE_OBJC_WEAK = YES;
				CLANG_WARN_BLOCK_CAPTURE_AUTORELEASING = YES;
				CLANG_WARN_BOOL_CONVERSION = YES;
				CLANG_WARN_COMMA = YES;
				CLANG_WARN_CONSTANT_CONVERSION = YES;
				CLANG_WARN_DEPRECATED_OBJC_IMPLEMENTATIONS = YES;
				CLANG_WARN_DIRECT_OBJC_ISA_USAGE = YES_ERROR;
				CLANG_WARN_DOCUMENTATION_COMMENTS = YES;
				CLANG_WARN_EMPTY_BODY = YES;
				CLANG_WARN_ENUM_CONVERSION = YES;
				CLANG_WARN_INFINITE_RECURSION = YES;
				CLANG_WARN_INT_CONVERSION = YES;
				CLANG_WARN_NON_LITERAL_NULL_CONVERSION = YES;
				CLANG_WARN_OBJC_IMPLICIT_RETAIN_SELF = YES;
				CLANG_WARN_OBJC_LITERAL_CONVERSION = YES;
				CLANG_WARN_OBJC_ROOT_CLASS = YES_ERROR;
				CLANG_WARN_QUOTED_INCLUDE_IN_FRAMEWORK_HEADER = YES;
				CLANG_WARN_RANGE_LOOP_ANALYSIS = YES;
				CLANG_WARN_STRICT_PROTOTYPES = YES;
				CLANG_WARN_SUSPICIOUS_MOVE = YES;
				CLANG_WARN_UNGUARDED_AVAILABILITY = YES_AGGRESSIVE;
				CLANG_WARN_UNREACHABLE_CODE = YES;
				CLANG_WARN__DUPLICATE_METHOD_MATCH = YES;
				COPY_PHASE_STRIP = NO;
				DEBUG_INFORMATION_FORMAT = "dwarf-with-dsym";
				ENABLE_NS_ASSERTIONS = NO;
				ENABLE_STRICT_OBJC_MSGSEND = YES;
				GCC_C_LANGUAGE_STANDARD = gnu11;
				GCC_NO_COMMON_BLOCKS = YES;
				GCC_WARN_64_TO_32_BIT_CONVERSION = YES;
				GCC_WARN_ABOUT_RETURN_TYPE = YES_ERROR;
				GCC_WARN_UNDECLARED_SELECTOR = YES;
				GCC_WARN_UNINITIALIZED_AUTOS = YES_AGGRESSIVE;
				GCC_WARN_UNUSED_FUNCTION = YES;
				GCC_WARN_UNUSED_VARIABLE = YES;
				MACOSX_DEPLOYMENT_TARGET = 12.5;
				MTL_ENABLE_DEBUG_INFO = NO;
				MTL_FAST_MATH = YES;
				SDKROOT = macosx;
			};
			name = Release;
		};
		33231F0228EC0C5E00BD8E7F /* Debug */ = {
			isa = XCBuildConfiguration;
			buildSettings = {
				CODE_SIGN_STYLE = Automatic;
				PRODUCT_NAME = "$(TARGET_NAME)";
			};
			name = Debug;
		};
		33231F0328EC0C5E00BD8E7F /* Release */ = {
			isa = XCBuildConfiguration;
			buildSettings = {
				CODE_SIGN_STYLE = Automatic;
				PRODUCT_NAME = "$(TARGET_NAME)";
			};
			name = Release;
		};
		3360CA33291A2F960009C26E /* Debug */ = {
			isa = XCBuildConfiguration;
			buildSettings = {
				CODE_SIGN_STYLE = Automatic;
				MACOSX_DEPLOYMENT_TARGET = 13.0;
				PRODUCT_NAME = "$(TARGET_NAME)";
			};
			name = Debug;
		};
		3360CA34291A2F960009C26E /* Release */ = {
			isa = XCBuildConfiguration;
			buildSettings = {
				CODE_SIGN_STYLE = Automatic;
				MACOSX_DEPLOYMENT_TARGET = 13.0;
				PRODUCT_NAME = "$(TARGET_NAME)";
			};
			name = Release;
		};
		3360CA3E291A2FCF0009C26E /* Debug */ = {
			isa = XCBuildConfiguration;
			buildSettings = {
				CODE_SIGN_STYLE = Automatic;
				MACOSX_DEPLOYMENT_TARGET = 13.0;
				PRODUCT_NAME = "$(TARGET_NAME)";
			};
			name = Debug;
		};
		3360CA3F291A2FCF0009C26E /* Release */ = {
			isa = XCBuildConfiguration;
			buildSettings = {
				CODE_SIGN_STYLE = Automatic;
				MACOSX_DEPLOYMENT_TARGET = 13.0;
				PRODUCT_NAME = "$(TARGET_NAME)";
			};
			name = Release;
		};
		33B4895C2924F1A400BAB2DC /* Debug */ = {
			isa = XCBuildConfiguration;
			buildSettings = {
				CODE_SIGN_STYLE = Automatic;
				MACOSX_DEPLOYMENT_TARGET = 13.0;
				PRODUCT_NAME = "$(TARGET_NAME)";
			};
			name = Debug;
		};
		33B4895D2924F1A400BAB2DC /* Release */ = {
			isa = XCBuildConfiguration;
			buildSettings = {
				CODE_SIGN_STYLE = Automatic;
				MACOSX_DEPLOYMENT_TARGET = 13.0;
				PRODUCT_NAME = "$(TARGET_NAME)";
			};
			name = Release;
		};
		33E4680E28EFE769005360E1 /* Debug */ = {
			isa = XCBuildConfiguration;
			buildSettings = {
				CODE_SIGN_STYLE = Automatic;
				PRODUCT_NAME = "$(TARGET_NAME)";
			};
			name = Debug;
		};
		33E4680F28EFE769005360E1 /* Release */ = {
			isa = XCBuildConfiguration;
			buildSettings = {
				CODE_SIGN_STYLE = Automatic;
				PRODUCT_NAME = "$(TARGET_NAME)";
			};
			name = Release;
		};
		33FB476928F54009007134E3 /* Debug */ = {
			isa = XCBuildConfiguration;
			buildSettings = {
				CODE_SIGN_STYLE = Automatic;
				PRODUCT_NAME = "$(TARGET_NAME)";
			};
			name = Debug;
		};
		33FB476A28F54009007134E3 /* Release */ = {
			isa = XCBuildConfiguration;
			buildSettings = {
				CODE_SIGN_STYLE = Automatic;
				PRODUCT_NAME = "$(TARGET_NAME)";
			};
			name = Release;
		};
/* End XCBuildConfiguration section */

/* Begin XCConfigurationList section */
		33231EF528EC0C5E00BD8E7F /* Build configuration list for PBXProject "hacker-cpp-study" */ = {
			isa = XCConfigurationList;
			buildConfigurations = (
				33231EFF28EC0C5E00BD8E7F /* Debug */,
				33231F0028EC0C5E00BD8E7F /* Release */,
			);
			defaultConfigurationIsVisible = 0;
			defaultConfigurationName = Release;
		};
		33231F0128EC0C5E00BD8E7F /* Build configuration list for PBXNativeTarget "hacker-cpp-study" */ = {
			isa = XCConfigurationList;
			buildConfigurations = (
				33231F0228EC0C5E00BD8E7F /* Debug */,
				33231F0328EC0C5E00BD8E7F /* Release */,
			);
			defaultConfigurationIsVisible = 0;
			defaultConfigurationName = Release;
		};
		3360CA32291A2F960009C26E /* Build configuration list for PBXNativeTarget "day04" */ = {
			isa = XCConfigurationList;
			buildConfigurations = (
				3360CA33291A2F960009C26E /* Debug */,
				3360CA34291A2F960009C26E /* Release */,
			);
			defaultConfigurationIsVisible = 0;
			defaultConfigurationName = Release;
		};
		3360CA3D291A2FCF0009C26E /* Build configuration list for PBXNativeTarget "day05" */ = {
			isa = XCConfigurationList;
			buildConfigurations = (
				3360CA3E291A2FCF0009C26E /* Debug */,
				3360CA3F291A2FCF0009C26E /* Release */,
			);
			defaultConfigurationIsVisible = 0;
			defaultConfigurationName = Release;
		};
		33B4895E2924F1A400BAB2DC /* Build configuration list for PBXNativeTarget "Week8" */ = {
			isa = XCConfigurationList;
			buildConfigurations = (
				33B4895C2924F1A400BAB2DC /* Debug */,
				33B4895D2924F1A400BAB2DC /* Release */,
			);
			defaultConfigurationIsVisible = 0;
			defaultConfigurationName = Release;
		};
		33E4681028EFE769005360E1 /* Build configuration list for PBXNativeTarget "day02" */ = {
			isa = XCConfigurationList;
			buildConfigurations = (
				33E4680E28EFE769005360E1 /* Debug */,
				33E4680F28EFE769005360E1 /* Release */,
			);
			defaultConfigurationIsVisible = 0;
			defaultConfigurationName = Release;
		};
		33FB476B28F54009007134E3 /* Build configuration list for PBXNativeTarget "day03" */ = {
			isa = XCConfigurationList;
			buildConfigurations = (
				33FB476928F54009007134E3 /* Debug */,
				33FB476A28F54009007134E3 /* Release */,
			);
			defaultConfigurationIsVisible = 0;
			defaultConfigurationName = Release;
		};
/* End XCConfigurationList section */
	};
	rootObject = 33231EF228EC0C5E00BD8E7F /* Project object */;
}
